
Microsoft Visual Studio Solution File, Format Version 12.00
# Visual Studio Version 17
VisualStudioVersion = 17.5.33424.131
MinimumVisualStudioVersion = 10.0.40219.1
Project("{FAE04EC0-301F-11D3-BF4B-00C04F79EFBC}") = "RentalCars", "RentalCars.csproj", "{B0E38206-061B-4AA4-B990-A0E0960DA9D7}"
EndProject
Global
	GlobalSection(SolutionConfigurationPlatforms) = preSolution
		Debug|Any CPU = Debug|Any CPU
		Release|Any CPU = Release|Any CPU
	EndGlobalSection
	GlobalSection(ProjectConfigurationPlatforms) = postSolution
		{B0E38206-061B-4AA4-B990-A0E0960DA9D7}.Debug|Any CPU.ActiveCfg = Debug|Any CPU
		{B0E38206-061B-4AA4-B990-A0E0960DA9D7}.Debug|Any CPU.Build.0 = Debug|Any CPU
		{B0E38206-061B-4AA4-B990-A0E0960DA9D7}.Release|Any CPU.ActiveCfg = Release|Any CPU
		{B0E38206-061B-4AA4-B990-A0E0960DA9D7}.Release|Any CPU.Build.0 = Release|Any CPU
	EndGlobalSection
	GlobalSection(SolutionProperties) = preSolution
		HideSolutionNode = FALSE
	EndGlobalSection
	GlobalSection(ExtensibilityGlobals) = postSolution
		SolutionGuid = {676DAA68-6CC8-4CE4-9563-6CCD3089796A}
	EndGlobalSection
EndGlobal
